<?xml version="1.0" encoding="utf-8"?>
<Project ToolsVersion="4.0" xmlns="http://schemas.microsoft.com/developer/msbuild/2003">
  <ItemGroup>
    <Filter Include="Source Files">
      <UniqueIdentifier>{4FC737F1-C7A5-4376-A066-2A32D752A2FF}</UniqueIdentifier>
      <Extensions>cpp;c;cc;cxx;c++;cppm;ixx;def;odl;idl;hpj;bat;asm;asmx</Extensions>
    </Filter>
    <Filter Include="Header Files">
      <UniqueIdentifier>{93995380-89BD-4b04-88EB-625FBE52EBFB}</UniqueIdentifier>
      <Extensions>h;hh;hpp;hxx;h++;hm;inl;inc;ipp;xsd</Extensions>
    </Filter>
    <Filter Include="Resource Files">
      <UniqueIdentifier>{67DA6AB6-F800-4c08-8B7A-83BB121AAD01}</UniqueIdentifier>
      <Extensions>rc;ico;cur;bmp;dlg;rc2;rct;bin;rgs;gif;jpg;jpeg;jpe;resx;tiff;tif;png;wav;mfcribbon-ms</Extensions>
    </Filter>
  </ItemGroup>
  <ItemGroup>
    <ClCompile Include="First.c">
      <Filter>Source Files</Filter>
    </ClCompile>
    <ClCompile Include="Triangle.c">
      <Filter>Source Files</Filter>
    </ClCompile>
    <ClCompile Include="printf1.c">
      <Filter>Source Files</Filter>
    </ClCompile>
    <ClCompile Include="printf2.c">
      <Filter>Source Files</Filter>
    </ClCompile>
    <ClCompile Include="printf3.c">
      <Filter>Source Files</Filter>
    </ClCompile>
    <ClCompile Include="scanf.c">
      <Filter>Source Files</Filter>
    </ClCompile>
    <ClCompile Include="gets.c">
      <Filter>Source Files</Filter>
    </ClCompile>
    <ClCompile Include="getchwait.c">
      <Filter>Source Files</Filter>
    </ClCompile>
    <ClCompile Include="overflow.c">
      <Filter>Source Files</Filter>
    </ClCompile>
    <ClCompile Include="int64.c">
      <Filter>Source Files</Filter>
    </ClCompile>
    <ClCompile Include="float.c">
      <Filter>Source Files</Filter>
    </ClCompile>
    <ClCompile Include="char.c">
      <Filter>Source Files</Filter>
    </ClCompile>
    <ClCompile Include="charcontext.c">
      <Filter>Source Files</Filter>
    </ClCompile>
    <ClCompile Include="enum.cpp">
      <Filter>Source Files</Filter>
    </ClCompile>
    <ClCompile Include="score.cpp">
      <Filter>Source Files</Filter>
    </ClCompile>
    <ClCompile Include="struct.cpp">
      <Filter>Source Files</Filter>
    </ClCompile>
    <ClCompile Include="pointer.cpp">
      <Filter>Source Files</Filter>
    </ClCompile>
    <ClCompile Include="pointer2.cpp">
      <Filter>Source Files</Filter>
    </ClCompile>
    <ClCompile Include="typedef.cpp">
      <Filter>Source Files</Filter>
    </ClCompile>
    <ClCompile Include="if.cpp">
      <Filter>Source Files</Filter>
    </ClCompile>
    <ClCompile Include="if2.cpp">
      <Filter>Source Files</Filter>
    </ClCompile>
    <ClCompile Include="if3.cpp">
      <Filter>Source Files</Filter>
    </ClCompile>
    <ClCompile Include="if4.cpp">
      <Filter>Source Files</Filter>
    </ClCompile>
    <ClCompile Include="if5.cpp">
      <Filter>Source Files</Filter>
    </ClCompile>
    <ClCompile Include="if6.cpp">
      <Filter>Source Files</Filter>
    </ClCompile>
    <ClCompile Include="if7.cpp">
      <Filter>Source Files</Filter>
    </ClCompile>
    <ClCompile Include="for.cpp">
      <Filter>Source Files</Filter>
    </ClCompile>
    <ClCompile Include="forsum.cpp">
      <Filter>Source Files</Filter>
    </ClCompile>
    <ClCompile Include="forsum2.cpp">
      <Filter>Source Files</Filter>
    </ClCompile>
    <ClCompile Include="movechar.cpp">
      <Filter>Source Files</Filter>
    </ClCompile>
    <ClCompile Include="mincommon.cpp">
      <Filter>Source Files</Filter>
    </ClCompile>
    <ClCompile Include="samdan.cpp">
      <Filter>Source Files</Filter>
    </ClCompile>
    <ClCompile Include="whilesum.cpp">
      <Filter>Source Files</Filter>
    </ClCompile>
    <ClCompile Include="switch.cpp">
      <Filter>Source Files</Filter>
    </ClCompile>
    <ClCompile Include="MaxFunc.cpp">
      <Filter>Source Files</Filter>
    </ClCompile>
    <ClCompile Include="AddFunc.cpp">
      <Filter>Source Files</Filter>
    </ClCompile>
    <ClCompile Include="MaxFunc3.cpp">
      <Filter>Source Files</Filter>
    </ClCompile>
    <ClCompile Include="CallValue.cpp">
      <Filter>Source Files</Filter>
    </ClCompile>
    <ClCompile Include="CallRef.cpp">
      <Filter>Source Files</Filter>
    </ClCompile>
    <ClCompile Include="define.cpp">
      <Filter>Source Files</Filter>
    </ClCompile>
    <ClCompile Include="MacroInc.cpp">
      <Filter>Source Files</Filter>
    </ClCompile>
    <ClCompile Include="Storage.cpp">
      <Filter>Source Files</Filter>
    </ClCompile>
    <ClCompile Include="LocalGlobal.cpp">
      <Filter>Source Files</Filter>
    </ClCompile>
    <ClCompile Include="AutoVariable.cpp">
      <Filter>Source Files</Filter>
    </ClCompile>
    <ClCompile Include="Extern2.cpp">
      <Filter>Source Files</Filter>
    </ClCompile>
    <ClCompile Include="global.cpp">
      <Filter>Source Files</Filter>
    </ClCompile>
    <ClCompile Include="Static.cpp">
      <Filter>Source Files</Filter>
    </ClCompile>
    <ClCompile Include="BlockScope.cpp">
      <Filter>Source Files</Filter>
    </ClCompile>
    <ClCompile Include="Declaration.cpp">
      <Filter>Source Files</Filter>
    </ClCompile>
    <ClCompile Include="Array.cpp">
      <Filter>Source Files</Filter>
    </ClCompile>
    <ClCompile Include="ArrayBound.cpp">
      <Filter>Source Files</Filter>
    </ClCompile>
    <ClCompile Include="ArrayBound2.cpp">
      <Filter>Source Files</Filter>
    </ClCompile>
    <ClCompile Include="ArraySize.cpp">
      <Filter>Source Files</Filter>
    </ClCompile>
    <ClCompile Include="ArrayName.cpp">
      <Filter>Source Files</Filter>
    </ClCompile>
    <ClCompile Include="Garbage.cpp">
      <Filter>Source Files</Filter>
    </ClCompile>
    <ClCompile Include="2DArrayInit1.cpp">
      <Filter>Source Files</Filter>
    </ClCompile>
    <ClCompile Include="2DArrayInit2.cpp">
      <Filter>Source Files</Filter>
    </ClCompile>
    <ClCompile Include="PointerType.cpp">
      <Filter>Source Files</Filter>
    </ClCompile>
    <ClCompile Include="ptrplusplus.cpp">
      <Filter>Source Files</Filter>
    </ClCompile>
    <ClCompile Include="ptrppsum.cpp">
      <Filter>Source Files</Filter>
    </ClCompile>
    <ClCompile Include="voidPointer.cpp">
      <Filter>Source Files</Filter>
    </ClCompile>
    <ClCompile Include="NullTest.cpp">
      <Filter>Source Files</Filter>
    </ClCompile>
    <ClCompile Include="IntMalloc.cpp">
      <Filter>Source Files</Filter>
    </ClCompile>
    <ClCompile Include="malloc.cpp">
      <Filter>Source Files</Filter>
    </ClCompile>
    <ClCompile Include="realloc.cpp">
      <Filter>Source Files</Filter>
    </ClCompile>
  </ItemGroup>
  <ItemGroup>
    <ClInclude Include="..\Turboc.h">
      <Filter>Header Files</Filter>
    </ClInclude>
  </ItemGroup>
</Project>